lockfileVersion: '9.0'

settings:
  autoInstallPeers: true
  excludeLinksFromLockfile: false

importers:

  .:
    dependencies:
      stream-chain:
        specifier: ^3.3.2
        version: 3.3.2
      stream-json:
        specifier: ^1.9.1
        version: 1.9.1
    devDependencies:
      '@types/node':
        specifier: ^22.9.0
        version: 22.9.0
      '@types/stream-chain':
        specifier: ^2.1.0
        version: 2.1.0
      '@types/stream-json':
        specifier: ^1.7.8
        version: 1.7.8
      typescript:
        specifier: ^5.6.3
        version: 5.6.3

packages:

  '@types/node@22.9.0':
    resolution: {integrity: sha512-vuyHg81vvWA1Z1ELfvLko2c8f34gyA0zaic0+Rllc5lbCnbSyuvb2Oxpm6TAUAC/2xZN3QGqxBNggD1nNR2AfQ==}

  '@types/stream-chain@2.1.0':
    resolution: {integrity: sha512-guDyAl6s/CAzXUOWpGK2bHvdiopLIwpGu8v10+lb9hnQOyo4oj/ZUQFOvqFjKGsE3wJP1fpIesCcMvbXuWsqOg==}

  '@types/stream-json@1.7.8':
    resolution: {integrity: sha512-MU1OB1eFLcYWd1LjwKXrxdoPtXSRzRmAnnxs4Js/ayB5O/NvHraWwuOaqMWIebpYwM6khFlsJOHEhI9xK/ab4Q==}

  stream-chain@2.2.5:
    resolution: {integrity: sha512-1TJmBx6aSWqZ4tx7aTpBDXK0/e2hhcNSTV8+CbFJtDjbb+I1mZ8lHit0Grw9GRT+6JbIrrDd8esncgBi8aBXGA==}

  stream-chain@3.3.2:
    resolution: {integrity: sha512-YvRznt2X9tLSQlQXkYxp9FGcp6uUwBG9VAyjgo53Ov+Ctk36R49xB6NUia37T7owHyi3UtvI6achAj4ufBSaNg==}

  stream-json@1.9.1:
    resolution: {integrity: sha512-uWkjJ+2Nt/LO9Z/JyKZbMusL8Dkh97uUBTv3AJQ74y07lVahLY4eEFsPsE97pxYBwr8nnjMAIch5eqI0gPShyw==}

  typescript@5.6.3:
    resolution: {integrity: sha512-hjcS1mhfuyi4WW8IWtjP7brDrG2cuDZukyrYrSauoXGNgx0S7zceP07adYkJycEr56BOUTNPzbInooiN3fn1qw==}
    engines: {node: '>=14.17'}
    hasBin: true

  undici-types@6.19.8:
    resolution: {integrity: sha512-ve2KP6f/JnbPBFyobGHuerC9g1FYGn/F8n1LWTwNxCEzd6IfqTwUQcNXgEtmmQ6DlRrC1hrSrBnCZPokRrDHjw==}

snapshots:

  '@types/node@22.9.0':
    dependencies:
      undici-types: 6.19.8

  '@types/stream-chain@2.1.0':
    dependencies:
      '@types/node': 22.9.0

  '@types/stream-json@1.7.8':
    dependencies:
      '@types/node': 22.9.0
      '@types/stream-chain': 2.1.0

  stream-chain@2.2.5: {}

  stream-chain@3.3.2: {}

  stream-json@1.9.1:
    dependencies:
      stream-chain: 2.2.5

  typescript@5.6.3: {}

  undici-types@6.19.8: {}
